
Microsoft Visual Studio Solution File, Format Version 12.00
# Visual Studio Version 17
VisualStudioVersion = 17.3.32804.467
MinimumVisualStudioVersion = 10.0.40219.1
Project("{9A19103F-16F7-4668-BE54-9A1E7A4F7556}") = "TravisMovieRatings", "TravisMovieRatings.csproj", "{545B1878-7D05-4EEE-8E5D-874AA924DB83}"
	ProjectSection(ProjectDependencies) = postProject
		{B2F74739-294D-43B6-8F7E-99B46D8FF25B} = {B2F74739-294D-43B6-8F7E-99B46D8FF25B}
	EndProjectSection
EndProject
Project("{9A19103F-16F7-4668-BE54-9A1E7A4F7556}") = "MovieRatingsBackendWebApi", "..\MovieRatingsBackendWebApi\MovieRatingsBackendWebApi.csproj", "{B2F74739-294D-43B6-8F7E-99B46D8FF25B}"
EndProject
Project("{FAE04EC0-301F-11D3-BF4B-00C04F79EFBC}") = "MR.Models", "..\MR.Models\MR.Models.csproj", "{05928C17-40A9-45EA-9179-5FFCC8D6D8AD}"
EndProject
Global
	GlobalSection(SolutionConfigurationPlatforms) = preSolution
		Debug|Any CPU = Debug|Any CPU
		Release|Any CPU = Release|Any CPU
	EndGlobalSection
	GlobalSection(ProjectConfigurationPlatforms) = postSolution
		{545B1878-7D05-4EEE-8E5D-874AA924DB83}.Debug|Any CPU.ActiveCfg = Debug|Any CPU
		{545B1878-7D05-4EEE-8E5D-874AA924DB83}.Debug|Any CPU.Build.0 = Debug|Any CPU
		{545B1878-7D05-4EEE-8E5D-874AA924DB83}.Release|Any CPU.ActiveCfg = Release|Any CPU
		{545B1878-7D05-4EEE-8E5D-874AA924DB83}.Release|Any CPU.Build.0 = Release|Any CPU
		{B2F74739-294D-43B6-8F7E-99B46D8FF25B}.Debug|Any CPU.ActiveCfg = Debug|Any CPU
		{B2F74739-294D-43B6-8F7E-99B46D8FF25B}.Debug|Any CPU.Build.0 = Debug|Any CPU
		{B2F74739-294D-43B6-8F7E-99B46D8FF25B}.Release|Any CPU.ActiveCfg = Release|Any CPU
		{B2F74739-294D-43B6-8F7E-99B46D8FF25B}.Release|Any CPU.Build.0 = Release|Any CPU
		{05928C17-40A9-45EA-9179-5FFCC8D6D8AD}.Debug|Any CPU.ActiveCfg = Debug|Any CPU
		{05928C17-40A9-45EA-9179-5FFCC8D6D8AD}.Debug|Any CPU.Build.0 = Debug|Any CPU
		{05928C17-40A9-45EA-9179-5FFCC8D6D8AD}.Release|Any CPU.ActiveCfg = Release|Any CPU
		{05928C17-40A9-45EA-9179-5FFCC8D6D8AD}.Release|Any CPU.Build.0 = Release|Any CPU
	EndGlobalSection
	GlobalSection(SolutionProperties) = preSolution
		HideSolutionNode = FALSE
	EndGlobalSection
	GlobalSection(ExtensibilityGlobals) = postSolution
		SolutionGuid = {DCB7874B-73E3-4E71-B691-FF77AD6ADA49}
	EndGlobalSection
EndGlobal
